
Microsoft Visual Studio Solution File, Format Version 12.00
# Visual Studio Version 17
VisualStudioVersion = 17.7.34221.43
MinimumVisualStudioVersion = 10.0.40219.1
Project("{2150E333-8FDC-42A3-9474-1A3956D46DE8}") = "Solution Items", "Solution Items", "{998A66ED-4EC1-4BC0-BEF7-78F4008D20E5}"
	ProjectSection(SolutionItems) = preProject
		Approach.md = Approach.md
		Backend Developer.pdf = Backend Developer.pdf
		README.md = README.md
	EndProjectSection
EndProject
Project("{2150E333-8FDC-42A3-9474-1A3956D46DE8}") = "src", "src", "{67F94A89-F4CC-4352-A925-E063CB9A030B}"
EndProject
Project("{2150E333-8FDC-42A3-9474-1A3956D46DE8}") = "Services", "Services", "{F98EE9C1-830B-41CF-BA6D-FE923E1DCB21}"
EndProject
Project("{9A19103F-16F7-4668-BE54-9A1E7A4F7556}") = "Exchange.API", "src\Services\Exchange\Exchange.API\Exchange.API.csproj", "{EA74B6F9-E4E4-4AC0-B491-BDD819E238D3}"
EndProject
Project("{E53339B2-1760-4266-BCC7-CA923CBCF16C}") = "docker-compose", "docker-compose.dcproj", "{5177C4BB-0515-4CD3-AE78-C42BD8BBF5E6}"
EndProject
Project("{2150E333-8FDC-42A3-9474-1A3956D46DE8}") = "tests", "tests", "{424CC9AF-FB94-4AA3-9775-EDE3A8B61650}"
EndProject
Project("{2150E333-8FDC-42A3-9474-1A3956D46DE8}") = "ServiceTests", "ServiceTests", "{17F7D629-1C10-429A-A4E5-6E00B3EBB7EF}"
EndProject
Project("{2150E333-8FDC-42A3-9474-1A3956D46DE8}") = "Exchange", "Exchange", "{58F346A2-5A78-4F00-845F-F7DDA3F86B5A}"
EndProject
Project("{2150E333-8FDC-42A3-9474-1A3956D46DE8}") = "tests", "tests", "{07D464FC-B151-46E5-9EBF-7D90D09E6D03}"
EndProject
Project("{FAE04EC0-301F-11D3-BF4B-00C04F79EFBC}") = "Exchange.UnitTests", "src\Services\Exchange\tests\Exchange.UnitTests\Exchange.UnitTests.csproj", "{99DA4F15-D60A-454D-8416-BE7361A771DD}"
	ProjectSection(ProjectDependencies) = postProject
		{EA74B6F9-E4E4-4AC0-B491-BDD819E238D3} = {EA74B6F9-E4E4-4AC0-B491-BDD819E238D3}
	EndProjectSection
EndProject
Global
	GlobalSection(SolutionConfigurationPlatforms) = preSolution
		Debug|Any CPU = Debug|Any CPU
		Release|Any CPU = Release|Any CPU
	EndGlobalSection
	GlobalSection(ProjectConfigurationPlatforms) = postSolution
		{EA74B6F9-E4E4-4AC0-B491-BDD819E238D3}.Debug|Any CPU.ActiveCfg = Debug|Any CPU
		{EA74B6F9-E4E4-4AC0-B491-BDD819E238D3}.Debug|Any CPU.Build.0 = Debug|Any CPU
		{EA74B6F9-E4E4-4AC0-B491-BDD819E238D3}.Release|Any CPU.ActiveCfg = Release|Any CPU
		{EA74B6F9-E4E4-4AC0-B491-BDD819E238D3}.Release|Any CPU.Build.0 = Release|Any CPU
		{5177C4BB-0515-4CD3-AE78-C42BD8BBF5E6}.Debug|Any CPU.ActiveCfg = Debug|Any CPU
		{5177C4BB-0515-4CD3-AE78-C42BD8BBF5E6}.Debug|Any CPU.Build.0 = Debug|Any CPU
		{5177C4BB-0515-4CD3-AE78-C42BD8BBF5E6}.Release|Any CPU.ActiveCfg = Release|Any CPU
		{5177C4BB-0515-4CD3-AE78-C42BD8BBF5E6}.Release|Any CPU.Build.0 = Release|Any CPU
		{99DA4F15-D60A-454D-8416-BE7361A771DD}.Debug|Any CPU.ActiveCfg = Debug|Any CPU
		{99DA4F15-D60A-454D-8416-BE7361A771DD}.Debug|Any CPU.Build.0 = Debug|Any CPU
		{99DA4F15-D60A-454D-8416-BE7361A771DD}.Release|Any CPU.ActiveCfg = Release|Any CPU
		{99DA4F15-D60A-454D-8416-BE7361A771DD}.Release|Any CPU.Build.0 = Release|Any CPU
	EndGlobalSection
	GlobalSection(SolutionProperties) = preSolution
		HideSolutionNode = FALSE
	EndGlobalSection
	GlobalSection(NestedProjects) = preSolution
		{F98EE9C1-830B-41CF-BA6D-FE923E1DCB21} = {67F94A89-F4CC-4352-A925-E063CB9A030B}
		{EA74B6F9-E4E4-4AC0-B491-BDD819E238D3} = {58F346A2-5A78-4F00-845F-F7DDA3F86B5A}
		{17F7D629-1C10-429A-A4E5-6E00B3EBB7EF} = {424CC9AF-FB94-4AA3-9775-EDE3A8B61650}
		{58F346A2-5A78-4F00-845F-F7DDA3F86B5A} = {F98EE9C1-830B-41CF-BA6D-FE923E1DCB21}
		{07D464FC-B151-46E5-9EBF-7D90D09E6D03} = {58F346A2-5A78-4F00-845F-F7DDA3F86B5A}
		{99DA4F15-D60A-454D-8416-BE7361A771DD} = {07D464FC-B151-46E5-9EBF-7D90D09E6D03}
	EndGlobalSection
	GlobalSection(ExtensibilityGlobals) = postSolution
		SolutionGuid = {0A32ACBA-CF86-486D-BD06-D9E17A2CE32C}
	EndGlobalSection
EndGlobal
