
Microsoft Visual Studio Solution File, Format Version 12.00
# Visual Studio Version 17
VisualStudioVersion = 17.7.34221.43
MinimumVisualStudioVersion = 10.0.40219.1
Project("{2150E333-8FDC-42A3-9474-1A3956D46DE8}") = "Solution Items", "Solution Items", "{998A66ED-4EC1-4BC0-BEF7-78F4008D20E5}"
	ProjectSection(SolutionItems) = preProject
		Approach.md = Approach.md
		README.md = README.md
	EndProjectSection
EndProject
Project("{2150E333-8FDC-42A3-9474-1A3956D46DE8}") = "src", "src", "{67F94A89-F4CC-4352-A925-E063CB9A030B}"
EndProject
Project("{2150E333-8FDC-42A3-9474-1A3956D46DE8}") = "Services", "Services", "{F98EE9C1-830B-41CF-BA6D-FE923E1DCB21}"
EndProject
Project("{FAE04EC0-301F-11D3-BF4B-00C04F79EFBC}") = "Exchange.API", "src/Services/Exchange.API\Exchange.API.csproj", "{EA74B6F9-E4E4-4AC0-B491-BDD819E238D3}"
EndProject
Project("{E53339B2-1760-4266-BCC7-CA923CBCF16C}") = "docker-compose", "docker-compose.dcproj", "{5177C4BB-0515-4CD3-AE78-C42BD8BBF5E6}"
EndProject
Global
	GlobalSection(SolutionConfigurationPlatforms) = preSolution
		Debug|Any CPU = Debug|Any CPU
		Release|Any CPU = Release|Any CPU
	EndGlobalSection
	GlobalSection(ProjectConfigurationPlatforms) = postSolution
		{EA74B6F9-E4E4-4AC0-B491-BDD819E238D3}.Debug|Any CPU.ActiveCfg = Debug|Any CPU
		{EA74B6F9-E4E4-4AC0-B491-BDD819E238D3}.Debug|Any CPU.Build.0 = Debug|Any CPU
		{EA74B6F9-E4E4-4AC0-B491-BDD819E238D3}.Release|Any CPU.ActiveCfg = Release|Any CPU
		{EA74B6F9-E4E4-4AC0-B491-BDD819E238D3}.Release|Any CPU.Build.0 = Release|Any CPU
		{5177C4BB-0515-4CD3-AE78-C42BD8BBF5E6}.Debug|Any CPU.ActiveCfg = Debug|Any CPU
		{5177C4BB-0515-4CD3-AE78-C42BD8BBF5E6}.Debug|Any CPU.Build.0 = Debug|Any CPU
		{5177C4BB-0515-4CD3-AE78-C42BD8BBF5E6}.Release|Any CPU.ActiveCfg = Release|Any CPU
		{5177C4BB-0515-4CD3-AE78-C42BD8BBF5E6}.Release|Any CPU.Build.0 = Release|Any CPU
	EndGlobalSection
	GlobalSection(SolutionProperties) = preSolution
		HideSolutionNode = FALSE
	EndGlobalSection
	GlobalSection(NestedProjects) = preSolution
		{F98EE9C1-830B-41CF-BA6D-FE923E1DCB21} = {67F94A89-F4CC-4352-A925-E063CB9A030B}
		{EA74B6F9-E4E4-4AC0-B491-BDD819E238D3} = {F98EE9C1-830B-41CF-BA6D-FE923E1DCB21}
	EndGlobalSection
	GlobalSection(ExtensibilityGlobals) = postSolution
		SolutionGuid = {0A32ACBA-CF86-486D-BD06-D9E17A2CE32C}
	EndGlobalSection
EndGlobal
